
Microsoft Visual Studio Solution File, Format Version 12.00
# Visual Studio Version 16
VisualStudioVersion = 16.0.30204.135
MinimumVisualStudioVersion = 10.0.40219.1
Project("{9A19103F-16F7-4668-BE54-9A1E7A4F7556}") = "TBD.Psi.Imaging.Windows", "TBD.Psi.Imaging.Windows\TBD.Psi.Imaging.Windows.csproj", "{8AECB1FC-97C8-4BDE-A359-E571C680CD3E}"
EndProject
Project("{9A19103F-16F7-4668-BE54-9A1E7A4F7556}") = "TBD.Psi.RosBagStreamReader", "TBD.Psi.RosBagStreamReader\TBD.Psi.RosBagStreamReader.csproj", "{A7E5A7BD-968C-4BEE-9D61-60C8131FCE40}"
EndProject
Project("{9A19103F-16F7-4668-BE54-9A1E7A4F7556}") = "Test.Psi.RosBagStreamReader", "Test.Psi.RosBagStreamReader\Test.Psi.RosBagStreamReader.csproj", "{BDBBE032-CC00-482A-B5F6-AC9D9ABD9B05}"
EndProject
Project("{2150E333-8FDC-42A3-9474-1A3956D46DE8}") = "SolutionItems", "SolutionItems", "{48B3D53D-B42E-4C89-9531-1346DE562383}"
	ProjectSection(SolutionItems) = preProject
		.gitignore = .gitignore
		LICENSE = LICENSE
		README.md = README.md
	EndProjectSection
EndProject
Project("{9A19103F-16F7-4668-BE54-9A1E7A4F7556}") = "TBD.Psi.TransformationTree", "TBD.Psi.TransformationTree\TBD.Psi.TransformationTree.csproj", "{552739E9-EB76-4F63-87B5-C0C246703E77}"
EndProject
Project("{9A19103F-16F7-4668-BE54-9A1E7A4F7556}") = "Test.Psi.TransformationTree", "Test.Psi.TransformationTree\Test.Psi.TransformationTree.csproj", "{0BC3893C-7FDD-4C8F-8324-D540C783C399}"
EndProject
Global
	GlobalSection(SolutionConfigurationPlatforms) = preSolution
		Debug|Any CPU = Debug|Any CPU
		Release|Any CPU = Release|Any CPU
	EndGlobalSection
	GlobalSection(ProjectConfigurationPlatforms) = postSolution
		{8AECB1FC-97C8-4BDE-A359-E571C680CD3E}.Debug|Any CPU.ActiveCfg = Debug|Any CPU
		{8AECB1FC-97C8-4BDE-A359-E571C680CD3E}.Debug|Any CPU.Build.0 = Debug|Any CPU
		{8AECB1FC-97C8-4BDE-A359-E571C680CD3E}.Release|Any CPU.ActiveCfg = Release|Any CPU
		{8AECB1FC-97C8-4BDE-A359-E571C680CD3E}.Release|Any CPU.Build.0 = Release|Any CPU
		{A7E5A7BD-968C-4BEE-9D61-60C8131FCE40}.Debug|Any CPU.ActiveCfg = Debug|Any CPU
		{A7E5A7BD-968C-4BEE-9D61-60C8131FCE40}.Debug|Any CPU.Build.0 = Debug|Any CPU
		{A7E5A7BD-968C-4BEE-9D61-60C8131FCE40}.Release|Any CPU.ActiveCfg = Release|Any CPU
		{A7E5A7BD-968C-4BEE-9D61-60C8131FCE40}.Release|Any CPU.Build.0 = Release|Any CPU
		{BDBBE032-CC00-482A-B5F6-AC9D9ABD9B05}.Debug|Any CPU.ActiveCfg = Debug|Any CPU
		{BDBBE032-CC00-482A-B5F6-AC9D9ABD9B05}.Debug|Any CPU.Build.0 = Debug|Any CPU
		{BDBBE032-CC00-482A-B5F6-AC9D9ABD9B05}.Release|Any CPU.ActiveCfg = Release|Any CPU
		{BDBBE032-CC00-482A-B5F6-AC9D9ABD9B05}.Release|Any CPU.Build.0 = Release|Any CPU
		{552739E9-EB76-4F63-87B5-C0C246703E77}.Debug|Any CPU.ActiveCfg = Debug|Any CPU
		{552739E9-EB76-4F63-87B5-C0C246703E77}.Debug|Any CPU.Build.0 = Debug|Any CPU
		{552739E9-EB76-4F63-87B5-C0C246703E77}.Release|Any CPU.ActiveCfg = Release|Any CPU
		{552739E9-EB76-4F63-87B5-C0C246703E77}.Release|Any CPU.Build.0 = Release|Any CPU
		{0BC3893C-7FDD-4C8F-8324-D540C783C399}.Debug|Any CPU.ActiveCfg = Debug|Any CPU
		{0BC3893C-7FDD-4C8F-8324-D540C783C399}.Debug|Any CPU.Build.0 = Debug|Any CPU
		{0BC3893C-7FDD-4C8F-8324-D540C783C399}.Release|Any CPU.ActiveCfg = Release|Any CPU
		{0BC3893C-7FDD-4C8F-8324-D540C783C399}.Release|Any CPU.Build.0 = Release|Any CPU
	EndGlobalSection
	GlobalSection(SolutionProperties) = preSolution
		HideSolutionNode = FALSE
	EndGlobalSection
	GlobalSection(ExtensibilityGlobals) = postSolution
		SolutionGuid = {B2D6944E-F9B8-47F4-9C87-F631218333CE}
	EndGlobalSection
EndGlobal
