
Microsoft Visual Studio Solution File, Format Version 12.00
# Visual Studio Version 16
VisualStudioVersion = 16.0.30204.135
MinimumVisualStudioVersion = 10.0.40219.1
Project("{9A19103F-16F7-4668-BE54-9A1E7A4F7556}") = "TBD.Psi.Imaging.Windows", "TBD.Psi.Imaging.Windows\TBD.Psi.Imaging.Windows.csproj", "{8AECB1FC-97C8-4BDE-A359-E571C680CD3E}"
EndProject
Project("{9A19103F-16F7-4668-BE54-9A1E7A4F7556}") = "TBD.Psi.RosBagStreamReader", "TBD.Psi.RosBagStreamReader\TBD.Psi.RosBagStreamReader.csproj", "{A7E5A7BD-968C-4BEE-9D61-60C8131FCE40}"
EndProject
Project("{9A19103F-16F7-4668-BE54-9A1E7A4F7556}") = "Test.Psi.RosBagStreamReader", "Test.Psi.RosBagStreamReader\Test.Psi.RosBagStreamReader.csproj", "{BDBBE032-CC00-482A-B5F6-AC9D9ABD9B05}"
EndProject
Project("{2150E333-8FDC-42A3-9474-1A3956D46DE8}") = "SolutionItems", "SolutionItems", "{48B3D53D-B42E-4C89-9531-1346DE562383}"
	ProjectSection(SolutionItems) = preProject
		.gitignore = .gitignore
		LICENSE = LICENSE
		README.md = README.md
	EndProjectSection
EndProject
Project("{9A19103F-16F7-4668-BE54-9A1E7A4F7556}") = "TBD.Psi.TransformationTree", "TBD.Psi.TransformationTree\TBD.Psi.TransformationTree.csproj", "{552739E9-EB76-4F63-87B5-C0C246703E77}"
EndProject
Project("{9A19103F-16F7-4668-BE54-9A1E7A4F7556}") = "Test.Psi.TransformationTree", "Test.Psi.TransformationTree\Test.Psi.TransformationTree.csproj", "{0BC3893C-7FDD-4C8F-8324-D540C783C399}"
EndProject
Project("{9A19103F-16F7-4668-BE54-9A1E7A4F7556}") = "TBD.Psi.RosSharpBridge.Windows", "TBD.Psi.RosSharpBridge.Windows\TBD.Psi.RosSharpBridge.Windows.csproj", "{5FBAAF40-D0FD-4FB7-AE14-ED99E6E75D3C}"
EndProject
Project("{9A19103F-16F7-4668-BE54-9A1E7A4F7556}") = "TBD.Psi.Visualization.Windows", "TBD.Psi.Visualization.Windows\TBD.Psi.Visualization.Windows.csproj", "{EC7C3628-EE0B-4672-B440-D8B70BDBCB47}"
EndProject
Project("{9A19103F-16F7-4668-BE54-9A1E7A4F7556}") = "TBD.Psi.Utility", "TBD.Psi.Utility\TBD.Psi.Utility.csproj", "{9A6FADD3-7CED-427E-8231-845F79F3AB6F}"
EndProject
Project("{9A19103F-16F7-4668-BE54-9A1E7A4F7556}") = "TBD.Psi.RosBagStreamReader.NET", "TBD.Psi.RosBagStreamReader.NET\TBD.Psi.RosBagStreamReader.NET.csproj", "{30311657-FC3C-4A2C-882D-D9DC19DAB026}"
EndProject
Project("{9A19103F-16F7-4668-BE54-9A1E7A4F7556}") = "TBD.Psi.RosBagStreamReader.Windows", "TBD.Psi.RosBagStreamReader.Windows\TBD.Psi.RosBagStreamReader.Windows.csproj", "{C2F226EA-3CA5-4F6D-A121-69B6E5772616}"
EndProject
Project("{9A19103F-16F7-4668-BE54-9A1E7A4F7556}") = "Test.TBD.Psi.Imaging.Windows", "Test.TBD.Psi.Imaging.NET\Test.TBD.Psi.Imaging.Windows.csproj", "{956D24B4-6232-4394-9AF0-E674C7059FCC}"
EndProject
Project("{9A19103F-16F7-4668-BE54-9A1E7A4F7556}") = "TBD.Psi.Sensors", "TBD.Psi.Sensors\TBD.Psi.Sensors.csproj", "{C22E1251-F833-44D9-9EA1-74A3BD5B810E}"
EndProject
Global
	GlobalSection(SolutionConfigurationPlatforms) = preSolution
		Debug|Any CPU = Debug|Any CPU
		Local|Any CPU = Local|Any CPU
		Release|Any CPU = Release|Any CPU
	EndGlobalSection
	GlobalSection(ProjectConfigurationPlatforms) = postSolution
		{8AECB1FC-97C8-4BDE-A359-E571C680CD3E}.Debug|Any CPU.ActiveCfg = Debug|Any CPU
		{8AECB1FC-97C8-4BDE-A359-E571C680CD3E}.Debug|Any CPU.Build.0 = Debug|Any CPU
		{8AECB1FC-97C8-4BDE-A359-E571C680CD3E}.Local|Any CPU.ActiveCfg = Local|Any CPU
		{8AECB1FC-97C8-4BDE-A359-E571C680CD3E}.Local|Any CPU.Build.0 = Local|Any CPU
		{8AECB1FC-97C8-4BDE-A359-E571C680CD3E}.Release|Any CPU.ActiveCfg = Release|Any CPU
		{8AECB1FC-97C8-4BDE-A359-E571C680CD3E}.Release|Any CPU.Build.0 = Release|Any CPU
		{A7E5A7BD-968C-4BEE-9D61-60C8131FCE40}.Debug|Any CPU.ActiveCfg = Debug|Any CPU
		{A7E5A7BD-968C-4BEE-9D61-60C8131FCE40}.Debug|Any CPU.Build.0 = Debug|Any CPU
		{A7E5A7BD-968C-4BEE-9D61-60C8131FCE40}.Local|Any CPU.ActiveCfg = Local|Any CPU
		{A7E5A7BD-968C-4BEE-9D61-60C8131FCE40}.Local|Any CPU.Build.0 = Local|Any CPU
		{A7E5A7BD-968C-4BEE-9D61-60C8131FCE40}.Release|Any CPU.ActiveCfg = Release|Any CPU
		{A7E5A7BD-968C-4BEE-9D61-60C8131FCE40}.Release|Any CPU.Build.0 = Release|Any CPU
		{BDBBE032-CC00-482A-B5F6-AC9D9ABD9B05}.Debug|Any CPU.ActiveCfg = Debug|Any CPU
		{BDBBE032-CC00-482A-B5F6-AC9D9ABD9B05}.Debug|Any CPU.Build.0 = Debug|Any CPU
		{BDBBE032-CC00-482A-B5F6-AC9D9ABD9B05}.Local|Any CPU.ActiveCfg = Debug|Any CPU
		{BDBBE032-CC00-482A-B5F6-AC9D9ABD9B05}.Local|Any CPU.Build.0 = Debug|Any CPU
		{BDBBE032-CC00-482A-B5F6-AC9D9ABD9B05}.Release|Any CPU.ActiveCfg = Release|Any CPU
		{BDBBE032-CC00-482A-B5F6-AC9D9ABD9B05}.Release|Any CPU.Build.0 = Release|Any CPU
		{552739E9-EB76-4F63-87B5-C0C246703E77}.Debug|Any CPU.ActiveCfg = Debug|Any CPU
		{552739E9-EB76-4F63-87B5-C0C246703E77}.Debug|Any CPU.Build.0 = Debug|Any CPU
		{552739E9-EB76-4F63-87B5-C0C246703E77}.Local|Any CPU.ActiveCfg = Local|Any CPU
		{552739E9-EB76-4F63-87B5-C0C246703E77}.Local|Any CPU.Build.0 = Local|Any CPU
		{552739E9-EB76-4F63-87B5-C0C246703E77}.Release|Any CPU.ActiveCfg = Release|Any CPU
		{552739E9-EB76-4F63-87B5-C0C246703E77}.Release|Any CPU.Build.0 = Release|Any CPU
		{0BC3893C-7FDD-4C8F-8324-D540C783C399}.Debug|Any CPU.ActiveCfg = Debug|Any CPU
		{0BC3893C-7FDD-4C8F-8324-D540C783C399}.Debug|Any CPU.Build.0 = Debug|Any CPU
		{0BC3893C-7FDD-4C8F-8324-D540C783C399}.Local|Any CPU.ActiveCfg = Debug|Any CPU
		{0BC3893C-7FDD-4C8F-8324-D540C783C399}.Local|Any CPU.Build.0 = Debug|Any CPU
		{0BC3893C-7FDD-4C8F-8324-D540C783C399}.Release|Any CPU.ActiveCfg = Release|Any CPU
		{0BC3893C-7FDD-4C8F-8324-D540C783C399}.Release|Any CPU.Build.0 = Release|Any CPU
		{5FBAAF40-D0FD-4FB7-AE14-ED99E6E75D3C}.Debug|Any CPU.ActiveCfg = Debug|Any CPU
		{5FBAAF40-D0FD-4FB7-AE14-ED99E6E75D3C}.Debug|Any CPU.Build.0 = Debug|Any CPU
		{5FBAAF40-D0FD-4FB7-AE14-ED99E6E75D3C}.Local|Any CPU.ActiveCfg = Local|Any CPU
		{5FBAAF40-D0FD-4FB7-AE14-ED99E6E75D3C}.Local|Any CPU.Build.0 = Local|Any CPU
		{5FBAAF40-D0FD-4FB7-AE14-ED99E6E75D3C}.Release|Any CPU.ActiveCfg = Release|Any CPU
		{5FBAAF40-D0FD-4FB7-AE14-ED99E6E75D3C}.Release|Any CPU.Build.0 = Release|Any CPU
		{EC7C3628-EE0B-4672-B440-D8B70BDBCB47}.Debug|Any CPU.ActiveCfg = Debug|Any CPU
		{EC7C3628-EE0B-4672-B440-D8B70BDBCB47}.Debug|Any CPU.Build.0 = Debug|Any CPU
		{EC7C3628-EE0B-4672-B440-D8B70BDBCB47}.Local|Any CPU.ActiveCfg = Local|Any CPU
		{EC7C3628-EE0B-4672-B440-D8B70BDBCB47}.Local|Any CPU.Build.0 = Local|Any CPU
		{EC7C3628-EE0B-4672-B440-D8B70BDBCB47}.Release|Any CPU.ActiveCfg = Release|Any CPU
		{EC7C3628-EE0B-4672-B440-D8B70BDBCB47}.Release|Any CPU.Build.0 = Release|Any CPU
		{9A6FADD3-7CED-427E-8231-845F79F3AB6F}.Debug|Any CPU.ActiveCfg = Debug|Any CPU
		{9A6FADD3-7CED-427E-8231-845F79F3AB6F}.Debug|Any CPU.Build.0 = Debug|Any CPU
		{9A6FADD3-7CED-427E-8231-845F79F3AB6F}.Local|Any CPU.ActiveCfg = Local|Any CPU
		{9A6FADD3-7CED-427E-8231-845F79F3AB6F}.Local|Any CPU.Build.0 = Local|Any CPU
		{9A6FADD3-7CED-427E-8231-845F79F3AB6F}.Release|Any CPU.ActiveCfg = Release|Any CPU
		{9A6FADD3-7CED-427E-8231-845F79F3AB6F}.Release|Any CPU.Build.0 = Release|Any CPU
		{30311657-FC3C-4A2C-882D-D9DC19DAB026}.Debug|Any CPU.ActiveCfg = Debug|Any CPU
		{30311657-FC3C-4A2C-882D-D9DC19DAB026}.Debug|Any CPU.Build.0 = Debug|Any CPU
		{30311657-FC3C-4A2C-882D-D9DC19DAB026}.Local|Any CPU.ActiveCfg = Local|Any CPU
		{30311657-FC3C-4A2C-882D-D9DC19DAB026}.Local|Any CPU.Build.0 = Local|Any CPU
		{30311657-FC3C-4A2C-882D-D9DC19DAB026}.Release|Any CPU.ActiveCfg = Release|Any CPU
		{30311657-FC3C-4A2C-882D-D9DC19DAB026}.Release|Any CPU.Build.0 = Release|Any CPU
		{C2F226EA-3CA5-4F6D-A121-69B6E5772616}.Debug|Any CPU.ActiveCfg = Debug|Any CPU
		{C2F226EA-3CA5-4F6D-A121-69B6E5772616}.Debug|Any CPU.Build.0 = Debug|Any CPU
		{C2F226EA-3CA5-4F6D-A121-69B6E5772616}.Local|Any CPU.ActiveCfg = Local|Any CPU
		{C2F226EA-3CA5-4F6D-A121-69B6E5772616}.Local|Any CPU.Build.0 = Local|Any CPU
		{C2F226EA-3CA5-4F6D-A121-69B6E5772616}.Release|Any CPU.ActiveCfg = Release|Any CPU
		{C2F226EA-3CA5-4F6D-A121-69B6E5772616}.Release|Any CPU.Build.0 = Release|Any CPU
		{956D24B4-6232-4394-9AF0-E674C7059FCC}.Debug|Any CPU.ActiveCfg = Debug|Any CPU
		{956D24B4-6232-4394-9AF0-E674C7059FCC}.Debug|Any CPU.Build.0 = Debug|Any CPU
		{956D24B4-6232-4394-9AF0-E674C7059FCC}.Local|Any CPU.ActiveCfg = Debug|Any CPU
		{956D24B4-6232-4394-9AF0-E674C7059FCC}.Local|Any CPU.Build.0 = Debug|Any CPU
		{956D24B4-6232-4394-9AF0-E674C7059FCC}.Release|Any CPU.ActiveCfg = Release|Any CPU
		{956D24B4-6232-4394-9AF0-E674C7059FCC}.Release|Any CPU.Build.0 = Release|Any CPU
		{C22E1251-F833-44D9-9EA1-74A3BD5B810E}.Debug|Any CPU.ActiveCfg = Debug|Any CPU
		{C22E1251-F833-44D9-9EA1-74A3BD5B810E}.Debug|Any CPU.Build.0 = Debug|Any CPU
		{C22E1251-F833-44D9-9EA1-74A3BD5B810E}.Local|Any CPU.ActiveCfg = Local|Any CPU
		{C22E1251-F833-44D9-9EA1-74A3BD5B810E}.Local|Any CPU.Build.0 = Local|Any CPU
		{C22E1251-F833-44D9-9EA1-74A3BD5B810E}.Release|Any CPU.ActiveCfg = Release|Any CPU
		{C22E1251-F833-44D9-9EA1-74A3BD5B810E}.Release|Any CPU.Build.0 = Release|Any CPU
	EndGlobalSection
	GlobalSection(SolutionProperties) = preSolution
		HideSolutionNode = FALSE
	EndGlobalSection
	GlobalSection(ExtensibilityGlobals) = postSolution
		SolutionGuid = {B2D6944E-F9B8-47F4-9C87-F631218333CE}
	EndGlobalSection
EndGlobal
